
Microsoft Visual Studio Solution File, Format Version 12.00
# Visual Studio 14
VisualStudioVersion = 14.0.24720.0
MinimumVisualStudioVersion = 10.0.40219.1
Project("{FAE04EC0-301F-11D3-BF4B-00C04F79EFBC}") = "MSCorp.AdventureWorks.Web", "MSCorp.AdventureWorks.Web\MSCorp.AdventureWorks.Web.csproj", "{7C60EE20-BA50-48AC-98A7-9E810AADBD0C}"
EndProject
Project("{FAE04EC0-301F-11D3-BF4B-00C04F79EFBC}") = "MSCorp.AdventureWorks.Core", "MSCorp.AdventureWorks.Core\MSCorp.AdventureWorks.Core.csproj", "{EEEFBDF4-D329-4EB4-A420-198810860177}"
EndProject
Project("{2150E333-8FDC-42A3-9474-1A3956D46DE8}") = "Solution Items", "Solution Items", "{17129F48-BF71-48B7-894C-2BD41A200DF5}"
	ProjectSection(SolutionItems) = preProject
		Solution Items\CodeAnalysis.ruleset = Solution Items\CodeAnalysis.ruleset
		Solution Items\CodeAnalysisDictionary.xml = Solution Items\CodeAnalysisDictionary.xml
		Solution Items\SharedAssemblyInfo.cs = Solution Items\SharedAssemblyInfo.cs
	EndProjectSection
EndProject
Project("{2150E333-8FDC-42A3-9474-1A3956D46DE8}") = "Deployment", "Deployment", "{5BF11563-A830-45DC-B8C1-2672B18CD408}"
	ProjectSection(SolutionItems) = preProject
		Deployment\deploy.ps1 = Deployment\deploy.ps1
		Deployment\deploy_utils.ps1 = Deployment\deploy_utils.ps1
		Deployment\deployment.json = Deployment\deployment.json
	EndProjectSection
EndProject
Project("{FAE04EC0-301F-11D3-BF4B-00C04F79EFBC}") = "Common", "Common\Common.csproj", "{3FD169DB-5BCD-4D6A-A47E-55991B4988CF}"
EndProject
Global
	GlobalSection(SolutionConfigurationPlatforms) = preSolution
		Debug|Any CPU = Debug|Any CPU
		Release|Any CPU = Release|Any CPU
	EndGlobalSection
	GlobalSection(ProjectConfigurationPlatforms) = postSolution
		{7C60EE20-BA50-48AC-98A7-9E810AADBD0C}.Debug|Any CPU.ActiveCfg = Debug|Any CPU
		{7C60EE20-BA50-48AC-98A7-9E810AADBD0C}.Debug|Any CPU.Build.0 = Debug|Any CPU
		{7C60EE20-BA50-48AC-98A7-9E810AADBD0C}.Release|Any CPU.ActiveCfg = Release|Any CPU
		{7C60EE20-BA50-48AC-98A7-9E810AADBD0C}.Release|Any CPU.Build.0 = Release|Any CPU
		{EEEFBDF4-D329-4EB4-A420-198810860177}.Debug|Any CPU.ActiveCfg = Debug|Any CPU
		{EEEFBDF4-D329-4EB4-A420-198810860177}.Debug|Any CPU.Build.0 = Debug|Any CPU
		{EEEFBDF4-D329-4EB4-A420-198810860177}.Release|Any CPU.ActiveCfg = Release|Any CPU
		{EEEFBDF4-D329-4EB4-A420-198810860177}.Release|Any CPU.Build.0 = Release|Any CPU
		{3FD169DB-5BCD-4D6A-A47E-55991B4988CF}.Debug|Any CPU.ActiveCfg = Debug|Any CPU
		{3FD169DB-5BCD-4D6A-A47E-55991B4988CF}.Debug|Any CPU.Build.0 = Debug|Any CPU
		{3FD169DB-5BCD-4D6A-A47E-55991B4988CF}.Release|Any CPU.ActiveCfg = Release|Any CPU
		{3FD169DB-5BCD-4D6A-A47E-55991B4988CF}.Release|Any CPU.Build.0 = Release|Any CPU
	EndGlobalSection
	GlobalSection(SolutionProperties) = preSolution
		HideSolutionNode = FALSE
	EndGlobalSection
	GlobalSection(TeamFoundationVersionControl) = preSolution
		SccNumberOfProjects = 4
		SccEnterpriseProvider = {4CA58AB2-18FA-4F8D-95D4-32DDF27D184C}
		SccTeamFoundationServer = https://intergen.visualstudio.com/defaultcollection
		SccLocalPath0 = .
		SccProjectUniqueName1 = MSCorp.AdventureWorks.Web\\MSCorp.AdventureWorks.Web.csproj
		SccProjectName1 = MSCorp.AdventureWorks.Web
		SccLocalPath1 = MSCorp.AdventureWorks.Web
		SccProjectUniqueName2 = MSCorp.AdventureWorks.Core\\MSCorp.AdventureWorks.Core.csproj
		SccProjectName2 = MSCorp.AdventureWorks.Core
		SccLocalPath2 = MSCorp.AdventureWorks.Core
		SccProjectUniqueName3 = Common\\Common.csproj
		SccProjectName3 = Common
		SccLocalPath3 = Common
	EndGlobalSection
EndGlobal
